
Microsoft Visual Studio Solution File, Format Version 12.00
# Visual Studio Version 17
VisualStudioVersion = 17.11.35327.3
MinimumVisualStudioVersion = 10.0.40219.1
Project("{2150E333-8FDC-42A3-9474-1A3956D46DE8}") = "Src", "Src", "{BDB763FC-12C2-4702-9BD6-34C1FF981059}"
EndProject
Project("{2150E333-8FDC-42A3-9474-1A3956D46DE8}") = "Client", "Client", "{23F75D16-5FE8-4594-8177-C0E765F6766A}"
EndProject
Project("{2150E333-8FDC-42A3-9474-1A3956D46DE8}") = "Server", "Server", "{6E8B3D98-F518-4A75-B9EE-DD7E0EA4FDB9}"
EndProject
Project("{2150E333-8FDC-42A3-9474-1A3956D46DE8}") = "Modules", "Modules", "{00FABD4C-5920-4940-A122-342F45F5B31A}"
EndProject
Project("{2150E333-8FDC-42A3-9474-1A3956D46DE8}") = "Backup", "Backup", "{748DDBC5-AEE4-4872-8B8B-3EB1ADC2F816}"
EndProject
Project("{FAE04EC0-301F-11D3-BF4B-00C04F79EFBC}") = "Modules.Backup.Api", "Src\Modules\Backup\Modules.Backup.Api\Modules.Backup.Api.csproj", "{0F8B409A-8470-42DE-8ACA-CEC49C38DD21}"
EndProject
Project("{FAE04EC0-301F-11D3-BF4B-00C04F79EFBC}") = "Modules.Backup.Application", "Src\Modules\Backup\Modules.Backup.Application\Modules.Backup.Application.csproj", "{026D104D-FE8F-46FD-97E4-352C0FF99943}"
EndProject
Project("{FAE04EC0-301F-11D3-BF4B-00C04F79EFBC}") = "Modules.Backup.Core", "Src\Modules\Backup\Modules.Backup.Core\Modules.Backup.Core.csproj", "{42C51482-437C-4F9B-92B2-FB8C14A76EFC}"
EndProject
Project("{2150E333-8FDC-42A3-9474-1A3956D46DE8}") = "Bootstraper", "Bootstraper", "{7A052113-DDAE-4014-9FF4-B0D367B65711}"
EndProject
Project("{FAE04EC0-301F-11D3-BF4B-00C04F79EFBC}") = "Modules.Backup.Infrasctructure", "Src\Modules\Backup\Modules.Backup.Infrasctructure\Modules.Backup.Infrasctructure.csproj", "{4CFCB2C6-2685-44A1-B55E-94742AD79FEF}"
EndProject
Project("{FAE04EC0-301F-11D3-BF4B-00C04F79EFBC}") = "Client.UI", "Src\Bootstraper\Client\Client.UI\Client.UI.csproj", "{FD6F5450-E608-4FD6-86B0-3F29AE83AEF1}"
EndProject
Project("{FAE04EC0-301F-11D3-BF4B-00C04F79EFBC}") = "Server.Api", "Src\Bootstraper\Server\Server.Api\Server.Api.csproj", "{692B8025-656A-44D6-80A7-9B6DFA1F3979}"
EndProject
Global
	GlobalSection(SolutionConfigurationPlatforms) = preSolution
		Debug|Any CPU = Debug|Any CPU
		Release|Any CPU = Release|Any CPU
	EndGlobalSection
	GlobalSection(ProjectConfigurationPlatforms) = postSolution
		{0F8B409A-8470-42DE-8ACA-CEC49C38DD21}.Debug|Any CPU.ActiveCfg = Debug|Any CPU
		{0F8B409A-8470-42DE-8ACA-CEC49C38DD21}.Debug|Any CPU.Build.0 = Debug|Any CPU
		{0F8B409A-8470-42DE-8ACA-CEC49C38DD21}.Release|Any CPU.ActiveCfg = Release|Any CPU
		{0F8B409A-8470-42DE-8ACA-CEC49C38DD21}.Release|Any CPU.Build.0 = Release|Any CPU
		{026D104D-FE8F-46FD-97E4-352C0FF99943}.Debug|Any CPU.ActiveCfg = Debug|Any CPU
		{026D104D-FE8F-46FD-97E4-352C0FF99943}.Debug|Any CPU.Build.0 = Debug|Any CPU
		{026D104D-FE8F-46FD-97E4-352C0FF99943}.Release|Any CPU.ActiveCfg = Release|Any CPU
		{026D104D-FE8F-46FD-97E4-352C0FF99943}.Release|Any CPU.Build.0 = Release|Any CPU
		{42C51482-437C-4F9B-92B2-FB8C14A76EFC}.Debug|Any CPU.ActiveCfg = Debug|Any CPU
		{42C51482-437C-4F9B-92B2-FB8C14A76EFC}.Debug|Any CPU.Build.0 = Debug|Any CPU
		{42C51482-437C-4F9B-92B2-FB8C14A76EFC}.Release|Any CPU.ActiveCfg = Release|Any CPU
		{42C51482-437C-4F9B-92B2-FB8C14A76EFC}.Release|Any CPU.Build.0 = Release|Any CPU
		{4CFCB2C6-2685-44A1-B55E-94742AD79FEF}.Debug|Any CPU.ActiveCfg = Debug|Any CPU
		{4CFCB2C6-2685-44A1-B55E-94742AD79FEF}.Debug|Any CPU.Build.0 = Debug|Any CPU
		{4CFCB2C6-2685-44A1-B55E-94742AD79FEF}.Release|Any CPU.ActiveCfg = Release|Any CPU
		{4CFCB2C6-2685-44A1-B55E-94742AD79FEF}.Release|Any CPU.Build.0 = Release|Any CPU
		{FD6F5450-E608-4FD6-86B0-3F29AE83AEF1}.Debug|Any CPU.ActiveCfg = Debug|Any CPU
		{FD6F5450-E608-4FD6-86B0-3F29AE83AEF1}.Debug|Any CPU.Build.0 = Debug|Any CPU
		{FD6F5450-E608-4FD6-86B0-3F29AE83AEF1}.Release|Any CPU.ActiveCfg = Release|Any CPU
		{FD6F5450-E608-4FD6-86B0-3F29AE83AEF1}.Release|Any CPU.Build.0 = Release|Any CPU
		{692B8025-656A-44D6-80A7-9B6DFA1F3979}.Debug|Any CPU.ActiveCfg = Debug|Any CPU
		{692B8025-656A-44D6-80A7-9B6DFA1F3979}.Debug|Any CPU.Build.0 = Debug|Any CPU
		{692B8025-656A-44D6-80A7-9B6DFA1F3979}.Release|Any CPU.ActiveCfg = Release|Any CPU
		{692B8025-656A-44D6-80A7-9B6DFA1F3979}.Release|Any CPU.Build.0 = Release|Any CPU
	EndGlobalSection
	GlobalSection(SolutionProperties) = preSolution
		HideSolutionNode = FALSE
	EndGlobalSection
	GlobalSection(NestedProjects) = preSolution
		{23F75D16-5FE8-4594-8177-C0E765F6766A} = {7A052113-DDAE-4014-9FF4-B0D367B65711}
		{6E8B3D98-F518-4A75-B9EE-DD7E0EA4FDB9} = {7A052113-DDAE-4014-9FF4-B0D367B65711}
		{00FABD4C-5920-4940-A122-342F45F5B31A} = {BDB763FC-12C2-4702-9BD6-34C1FF981059}
		{748DDBC5-AEE4-4872-8B8B-3EB1ADC2F816} = {00FABD4C-5920-4940-A122-342F45F5B31A}
		{0F8B409A-8470-42DE-8ACA-CEC49C38DD21} = {748DDBC5-AEE4-4872-8B8B-3EB1ADC2F816}
		{026D104D-FE8F-46FD-97E4-352C0FF99943} = {748DDBC5-AEE4-4872-8B8B-3EB1ADC2F816}
		{42C51482-437C-4F9B-92B2-FB8C14A76EFC} = {748DDBC5-AEE4-4872-8B8B-3EB1ADC2F816}
		{7A052113-DDAE-4014-9FF4-B0D367B65711} = {BDB763FC-12C2-4702-9BD6-34C1FF981059}
		{4CFCB2C6-2685-44A1-B55E-94742AD79FEF} = {748DDBC5-AEE4-4872-8B8B-3EB1ADC2F816}
		{FD6F5450-E608-4FD6-86B0-3F29AE83AEF1} = {23F75D16-5FE8-4594-8177-C0E765F6766A}
		{692B8025-656A-44D6-80A7-9B6DFA1F3979} = {6E8B3D98-F518-4A75-B9EE-DD7E0EA4FDB9}
	EndGlobalSection
	GlobalSection(ExtensibilityGlobals) = postSolution
		SolutionGuid = {05F3A4BF-6277-46FD-9537-F78E8FABE0DA}
	EndGlobalSection
EndGlobal
