
Microsoft Visual Studio Solution File, Format Version 12.00
# Visual Studio Version 17
VisualStudioVersion = 17.11.35327.3
MinimumVisualStudioVersion = 10.0.40219.1
Project("{2150E333-8FDC-42A3-9474-1A3956D46DE8}") = "Src", "Src", "{BDB763FC-12C2-4702-9BD6-34C1FF981059}"
EndProject
Project("{2150E333-8FDC-42A3-9474-1A3956D46DE8}") = "Client", "Client", "{23F75D16-5FE8-4594-8177-C0E765F6766A}"
EndProject
Project("{2150E333-8FDC-42A3-9474-1A3956D46DE8}") = "Server", "Server", "{6E8B3D98-F518-4A75-B9EE-DD7E0EA4FDB9}"
EndProject
Project("{2150E333-8FDC-42A3-9474-1A3956D46DE8}") = "Modules", "Modules", "{00FABD4C-5920-4940-A122-342F45F5B31A}"
EndProject
Project("{2150E333-8FDC-42A3-9474-1A3956D46DE8}") = "BackupModule", "BackupModule", "{748DDBC5-AEE4-4872-8B8B-3EB1ADC2F816}"
EndProject
Project("{2150E333-8FDC-42A3-9474-1A3956D46DE8}") = "Bootstraper", "Bootstraper", "{7A052113-DDAE-4014-9FF4-B0D367B65711}"
EndProject
Project("{FAE04EC0-301F-11D3-BF4B-00C04F79EFBC}") = "Client.UI", "Src\Bootstraper\Client\Client.UI\Client.UI.csproj", "{FD6F5450-E608-4FD6-86B0-3F29AE83AEF1}"
EndProject
Project("{FAE04EC0-301F-11D3-BF4B-00C04F79EFBC}") = "Server.Api", "Src\Bootstraper\Server\Server.Api\Server.Api.csproj", "{692B8025-656A-44D6-80A7-9B6DFA1F3979}"
EndProject
Project("{FAE04EC0-301F-11D3-BF4B-00C04F79EFBC}") = "Modules.Backup.Api", "Src\Modules\BackupModule\Modules.Backup.Api\Modules.Backup.Api.csproj", "{4DCCC256-57BB-4F0E-ADFF-55594D0B93FB}"
EndProject
Project("{FAE04EC0-301F-11D3-BF4B-00C04F79EFBC}") = "Modules.Backup.Application", "Src\Modules\BackupModule\Modules.Backup.Application\Modules.Backup.Application.csproj", "{A8ADFFA1-5F2D-464D-8F5B-91E95B6DD1F5}"
EndProject
Project("{FAE04EC0-301F-11D3-BF4B-00C04F79EFBC}") = "Modules.Backup.Core", "Src\Modules\BackupModule\Modules.Backup.Core\Modules.Backup.Core.csproj", "{F8689FC6-D3F5-425F-9231-5286F5607163}"
EndProject
Project("{FAE04EC0-301F-11D3-BF4B-00C04F79EFBC}") = "Modules.Backup.Infrasctructure", "Src\Modules\BackupModule\Modules.Backup.Infrasctructure\Modules.Backup.Infrasctructure.csproj", "{6F9D1645-DF34-4D50-A62E-59AC7DFCE2EA}"
EndProject
Project("{2150E333-8FDC-42A3-9474-1A3956D46DE8}") = "Solution Items", "Solution Items", "{12C25CD4-FDD2-4D50-B569-49A5EBDD8C54}"
	ProjectSection(SolutionItems) = preProject
		docker-compose.yml = docker-compose.yml
	EndProjectSection
EndProject
Global
	GlobalSection(SolutionConfigurationPlatforms) = preSolution
		Debug|Any CPU = Debug|Any CPU
		Release|Any CPU = Release|Any CPU
	EndGlobalSection
	GlobalSection(ProjectConfigurationPlatforms) = postSolution
		{FD6F5450-E608-4FD6-86B0-3F29AE83AEF1}.Debug|Any CPU.ActiveCfg = Debug|Any CPU
		{FD6F5450-E608-4FD6-86B0-3F29AE83AEF1}.Debug|Any CPU.Build.0 = Debug|Any CPU
		{FD6F5450-E608-4FD6-86B0-3F29AE83AEF1}.Release|Any CPU.ActiveCfg = Release|Any CPU
		{FD6F5450-E608-4FD6-86B0-3F29AE83AEF1}.Release|Any CPU.Build.0 = Release|Any CPU
		{692B8025-656A-44D6-80A7-9B6DFA1F3979}.Debug|Any CPU.ActiveCfg = Debug|Any CPU
		{692B8025-656A-44D6-80A7-9B6DFA1F3979}.Debug|Any CPU.Build.0 = Debug|Any CPU
		{692B8025-656A-44D6-80A7-9B6DFA1F3979}.Release|Any CPU.ActiveCfg = Release|Any CPU
		{692B8025-656A-44D6-80A7-9B6DFA1F3979}.Release|Any CPU.Build.0 = Release|Any CPU
		{4DCCC256-57BB-4F0E-ADFF-55594D0B93FB}.Debug|Any CPU.ActiveCfg = Debug|Any CPU
		{4DCCC256-57BB-4F0E-ADFF-55594D0B93FB}.Debug|Any CPU.Build.0 = Debug|Any CPU
		{4DCCC256-57BB-4F0E-ADFF-55594D0B93FB}.Release|Any CPU.ActiveCfg = Release|Any CPU
		{4DCCC256-57BB-4F0E-ADFF-55594D0B93FB}.Release|Any CPU.Build.0 = Release|Any CPU
		{A8ADFFA1-5F2D-464D-8F5B-91E95B6DD1F5}.Debug|Any CPU.ActiveCfg = Debug|Any CPU
		{A8ADFFA1-5F2D-464D-8F5B-91E95B6DD1F5}.Debug|Any CPU.Build.0 = Debug|Any CPU
		{A8ADFFA1-5F2D-464D-8F5B-91E95B6DD1F5}.Release|Any CPU.ActiveCfg = Release|Any CPU
		{A8ADFFA1-5F2D-464D-8F5B-91E95B6DD1F5}.Release|Any CPU.Build.0 = Release|Any CPU
		{F8689FC6-D3F5-425F-9231-5286F5607163}.Debug|Any CPU.ActiveCfg = Debug|Any CPU
		{F8689FC6-D3F5-425F-9231-5286F5607163}.Debug|Any CPU.Build.0 = Debug|Any CPU
		{F8689FC6-D3F5-425F-9231-5286F5607163}.Release|Any CPU.ActiveCfg = Release|Any CPU
		{F8689FC6-D3F5-425F-9231-5286F5607163}.Release|Any CPU.Build.0 = Release|Any CPU
		{6F9D1645-DF34-4D50-A62E-59AC7DFCE2EA}.Debug|Any CPU.ActiveCfg = Debug|Any CPU
		{6F9D1645-DF34-4D50-A62E-59AC7DFCE2EA}.Debug|Any CPU.Build.0 = Debug|Any CPU
		{6F9D1645-DF34-4D50-A62E-59AC7DFCE2EA}.Release|Any CPU.ActiveCfg = Release|Any CPU
		{6F9D1645-DF34-4D50-A62E-59AC7DFCE2EA}.Release|Any CPU.Build.0 = Release|Any CPU
	EndGlobalSection
	GlobalSection(SolutionProperties) = preSolution
		HideSolutionNode = FALSE
	EndGlobalSection
	GlobalSection(NestedProjects) = preSolution
		{23F75D16-5FE8-4594-8177-C0E765F6766A} = {7A052113-DDAE-4014-9FF4-B0D367B65711}
		{6E8B3D98-F518-4A75-B9EE-DD7E0EA4FDB9} = {7A052113-DDAE-4014-9FF4-B0D367B65711}
		{00FABD4C-5920-4940-A122-342F45F5B31A} = {BDB763FC-12C2-4702-9BD6-34C1FF981059}
		{748DDBC5-AEE4-4872-8B8B-3EB1ADC2F816} = {00FABD4C-5920-4940-A122-342F45F5B31A}
		{7A052113-DDAE-4014-9FF4-B0D367B65711} = {BDB763FC-12C2-4702-9BD6-34C1FF981059}
		{FD6F5450-E608-4FD6-86B0-3F29AE83AEF1} = {23F75D16-5FE8-4594-8177-C0E765F6766A}
		{692B8025-656A-44D6-80A7-9B6DFA1F3979} = {6E8B3D98-F518-4A75-B9EE-DD7E0EA4FDB9}
		{4DCCC256-57BB-4F0E-ADFF-55594D0B93FB} = {748DDBC5-AEE4-4872-8B8B-3EB1ADC2F816}
		{A8ADFFA1-5F2D-464D-8F5B-91E95B6DD1F5} = {748DDBC5-AEE4-4872-8B8B-3EB1ADC2F816}
		{F8689FC6-D3F5-425F-9231-5286F5607163} = {748DDBC5-AEE4-4872-8B8B-3EB1ADC2F816}
		{6F9D1645-DF34-4D50-A62E-59AC7DFCE2EA} = {748DDBC5-AEE4-4872-8B8B-3EB1ADC2F816}
	EndGlobalSection
	GlobalSection(ExtensibilityGlobals) = postSolution
		SolutionGuid = {05F3A4BF-6277-46FD-9537-F78E8FABE0DA}
	EndGlobalSection
EndGlobal
